{
  "pins" : [
    {
      "identity" : "jaalframework",
      "kind" : "remoteSourceControl",
      "location" : "https://github.com/iampriyadarshan/JaalFramework",
      "state" : {
        "branch" : "main",
        "revision" : "cc4a094e239c00e62290b73dfea471bfcffcf00a"
      }
    }
  ],
  "version" : 2
}
